
Microsoft Visual Studio Solution File, Format Version 12.00
# Visual Studio Version 17
VisualStudioVersion = 17.13.35931.197 d17.13
MinimumVisualStudioVersion = 10.0.40219.1
Project("{2150E333-8FDC-42A3-9474-1A3956D46DE8}") = "UserService", "UserService", "{02EA681E-C7D8-13C7-8484-4AC65E1B71E8}"
EndProject
Project("{2150E333-8FDC-42A3-9474-1A3956D46DE8}") = "ProductService", "ProductService", "{2FADAA43-6F5D-401B-9C95-F1A13CA022AA}"
EndProject
Project("{2150E333-8FDC-42A3-9474-1A3956D46DE8}") = "OrderService", "OrderService", "{D2ECF97D-5171-4E66-925B-0BA1D1694AA7}"
EndProject
Project("{2150E333-8FDC-42A3-9474-1A3956D46DE8}") = "PaymentService", "PaymentService", "{65876580-8976-4A91-802A-CE3D3E07CE62}"
EndProject
Project("{2150E333-8FDC-42A3-9474-1A3956D46DE8}") = "NotificationService", "NotificationService", "{D99F3EE1-DA45-457A-8421-1FC6FBABC78E}"
EndProject
Project("{FAE04EC0-301F-11D3-BF4B-00C04F79EFBC}") = "UserService.Domain", "UserService.Domain\UserService.Domain.csproj", "{DA75B7A5-0CA7-4BAF-9FEA-8C50FFCF08DE}"
EndProject
Project("{FAE04EC0-301F-11D3-BF4B-00C04F79EFBC}") = "UserService.Infrastructure", "UserService.Infrastructure\UserService.Infrastructure.csproj", "{DA149E33-0A48-4EAF-B77D-38129F4656E0}"
EndProject
Project("{FAE04EC0-301F-11D3-BF4B-00C04F79EFBC}") = "UserService.Application", "UserService.Application\UserService.Application.csproj", "{EECC4D0F-678C-479D-BD0D-BE17455C2C8A}"
EndProject
Project("{FAE04EC0-301F-11D3-BF4B-00C04F79EFBC}") = "UserService.API", "UserService.API\UserService.API.csproj", "{8B88B187-B220-4F6D-926E-284B2E86BDF7}"
EndProject
Project("{FAE04EC0-301F-11D3-BF4B-00C04F79EFBC}") = "UserService.Tests", "UserService.Tests\UserService.Tests.csproj", "{6F615692-F403-4E09-92A7-B3C1D149B60F}"
EndProject
Project("{FAE04EC0-301F-11D3-BF4B-00C04F79EFBC}") = "ProductService.Domain", "ProductService.Domain\ProductService.Domain.csproj", "{144D67CB-104A-4D4E-884B-826761318049}"
EndProject
Project("{FAE04EC0-301F-11D3-BF4B-00C04F79EFBC}") = "ProductService.Infrastructure", "ProductService.Infrastructure\ProductService.Infrastructure.csproj", "{8F94388E-A59C-461D-AD61-9B8B746EDB3F}"
EndProject
Project("{FAE04EC0-301F-11D3-BF4B-00C04F79EFBC}") = "ProductService.Application", "ProductService.Application\ProductService.Application.csproj", "{9302B647-64EF-40D5-84E2-CDAC43DB8842}"
EndProject
Project("{FAE04EC0-301F-11D3-BF4B-00C04F79EFBC}") = "ProductService.API", "ProductService.API\ProductService.API.csproj", "{9045C53C-40CD-4276-ACCC-19ED1580F7D1}"
EndProject
Project("{FAE04EC0-301F-11D3-BF4B-00C04F79EFBC}") = "ProductService.Tests", "ProductService.Tests\ProductService.Tests.csproj", "{A82D741E-39AB-44AF-99C2-CD21DEFAC4FC}"
EndProject
Project("{FAE04EC0-301F-11D3-BF4B-00C04F79EFBC}") = "OrderService.Domain", "OrderService.Domain\OrderService.Domain.csproj", "{6CB4553F-26A9-4E93-9EC0-F51266516495}"
EndProject
Project("{FAE04EC0-301F-11D3-BF4B-00C04F79EFBC}") = "OrderService.Infrastructure", "OrderService.Infrastructure\OrderService.Infrastructure.csproj", "{47B6B8F2-1684-42A4-BB31-94EA72D7D912}"
EndProject
Project("{FAE04EC0-301F-11D3-BF4B-00C04F79EFBC}") = "OrderService.Application", "OrderService.Application\OrderService.Application.csproj", "{6964D6E0-F3CC-461C-8D29-CBBC5261FE40}"
EndProject
Project("{FAE04EC0-301F-11D3-BF4B-00C04F79EFBC}") = "OrderService.API", "OrderService.API\OrderService.API.csproj", "{09133A8A-C7FE-48E2-B4F4-972D849ABC10}"
EndProject
Project("{FAE04EC0-301F-11D3-BF4B-00C04F79EFBC}") = "OrderService.Tests", "OrderService.Tests\OrderService.Tests.csproj", "{51C99D6F-295A-443E-97BE-096DD3E38D2F}"
EndProject
Project("{FAE04EC0-301F-11D3-BF4B-00C04F79EFBC}") = "PaymentService.Domain", "PaymentService.Domain\PaymentService.Domain.csproj", "{68A380E6-A2B2-4FF7-8997-0F563D4526D7}"
EndProject
Project("{FAE04EC0-301F-11D3-BF4B-00C04F79EFBC}") = "PaymentService.Infrastructure", "PaymentService.Infrastructure\PaymentService.Infrastructure.csproj", "{058F8095-0306-469C-8294-C998DDA5AC52}"
EndProject
Project("{FAE04EC0-301F-11D3-BF4B-00C04F79EFBC}") = "PaymentService.Application", "PaymentService.Application\PaymentService.Application.csproj", "{F429040B-F932-44E8-8028-244CE5FE8F0A}"
EndProject
Project("{FAE04EC0-301F-11D3-BF4B-00C04F79EFBC}") = "PaymentService.API", "PaymentService.API\PaymentService.API.csproj", "{481D2413-7B6E-4550-805C-C3618659D199}"
EndProject
Project("{FAE04EC0-301F-11D3-BF4B-00C04F79EFBC}") = "PaymentService.Tests", "PaymentService.Tests\PaymentService.Tests.csproj", "{E39528E5-52C2-45ED-B1EF-26DB333900B5}"
EndProject
Project("{FAE04EC0-301F-11D3-BF4B-00C04F79EFBC}") = "NotificationService.Domain", "NotificationService.Domain\NotificationService.Domain.csproj", "{43C28600-19AD-43A7-9B8E-FFC034EB56B2}"
EndProject
Project("{FAE04EC0-301F-11D3-BF4B-00C04F79EFBC}") = "NotificationService.Infrastructure", "NotificationService.Infrastructure\NotificationService.Infrastructure.csproj", "{2218286B-A1BC-45D6-95DA-91C77FACEE82}"
EndProject
Project("{FAE04EC0-301F-11D3-BF4B-00C04F79EFBC}") = "NotificationService.Application", "NotificationService.Application\NotificationService.Application.csproj", "{3A859052-EC8A-439E-841B-532E700C62CB}"
EndProject
Project("{FAE04EC0-301F-11D3-BF4B-00C04F79EFBC}") = "NotificationService.API", "NotificationService.API\NotificationService.API.csproj", "{B782BA11-6CC3-4EFD-8A65-F6D6ACCE9092}"
EndProject
Project("{FAE04EC0-301F-11D3-BF4B-00C04F79EFBC}") = "NotificationService.Tests", "NotificationService.Tests\NotificationService.Tests.csproj", "{D67CFB0E-FF6D-4CA4-BDB9-3E07812E3D33}"
EndProject
Global
	GlobalSection(SolutionConfigurationPlatforms) = preSolution
		Debug|Any CPU = Debug|Any CPU
		Release|Any CPU = Release|Any CPU
	EndGlobalSection
	GlobalSection(ProjectConfigurationPlatforms) = postSolution
		{DA75B7A5-0CA7-4BAF-9FEA-8C50FFCF08DE}.Debug|Any CPU.ActiveCfg = Debug|Any CPU
		{DA75B7A5-0CA7-4BAF-9FEA-8C50FFCF08DE}.Debug|Any CPU.Build.0 = Debug|Any CPU
		{DA75B7A5-0CA7-4BAF-9FEA-8C50FFCF08DE}.Release|Any CPU.ActiveCfg = Release|Any CPU
		{DA75B7A5-0CA7-4BAF-9FEA-8C50FFCF08DE}.Release|Any CPU.Build.0 = Release|Any CPU
		{DA149E33-0A48-4EAF-B77D-38129F4656E0}.Debug|Any CPU.ActiveCfg = Debug|Any CPU
		{DA149E33-0A48-4EAF-B77D-38129F4656E0}.Debug|Any CPU.Build.0 = Debug|Any CPU
		{DA149E33-0A48-4EAF-B77D-38129F4656E0}.Release|Any CPU.ActiveCfg = Release|Any CPU
		{DA149E33-0A48-4EAF-B77D-38129F4656E0}.Release|Any CPU.Build.0 = Release|Any CPU
		{EECC4D0F-678C-479D-BD0D-BE17455C2C8A}.Debug|Any CPU.ActiveCfg = Debug|Any CPU
		{EECC4D0F-678C-479D-BD0D-BE17455C2C8A}.Debug|Any CPU.Build.0 = Debug|Any CPU
		{EECC4D0F-678C-479D-BD0D-BE17455C2C8A}.Release|Any CPU.ActiveCfg = Release|Any CPU
		{EECC4D0F-678C-479D-BD0D-BE17455C2C8A}.Release|Any CPU.Build.0 = Release|Any CPU
		{8B88B187-B220-4F6D-926E-284B2E86BDF7}.Debug|Any CPU.ActiveCfg = Debug|Any CPU
		{8B88B187-B220-4F6D-926E-284B2E86BDF7}.Debug|Any CPU.Build.0 = Debug|Any CPU
		{8B88B187-B220-4F6D-926E-284B2E86BDF7}.Release|Any CPU.ActiveCfg = Release|Any CPU
		{8B88B187-B220-4F6D-926E-284B2E86BDF7}.Release|Any CPU.Build.0 = Release|Any CPU
		{6F615692-F403-4E09-92A7-B3C1D149B60F}.Debug|Any CPU.ActiveCfg = Debug|Any CPU
		{6F615692-F403-4E09-92A7-B3C1D149B60F}.Debug|Any CPU.Build.0 = Debug|Any CPU
		{6F615692-F403-4E09-92A7-B3C1D149B60F}.Release|Any CPU.ActiveCfg = Release|Any CPU
		{6F615692-F403-4E09-92A7-B3C1D149B60F}.Release|Any CPU.Build.0 = Release|Any CPU
		{144D67CB-104A-4D4E-884B-826761318049}.Debug|Any CPU.ActiveCfg = Debug|Any CPU
		{144D67CB-104A-4D4E-884B-826761318049}.Debug|Any CPU.Build.0 = Debug|Any CPU
		{144D67CB-104A-4D4E-884B-826761318049}.Release|Any CPU.ActiveCfg = Release|Any CPU
		{144D67CB-104A-4D4E-884B-826761318049}.Release|Any CPU.Build.0 = Release|Any CPU
		{8F94388E-A59C-461D-AD61-9B8B746EDB3F}.Debug|Any CPU.ActiveCfg = Debug|Any CPU
		{8F94388E-A59C-461D-AD61-9B8B746EDB3F}.Debug|Any CPU.Build.0 = Debug|Any CPU
		{8F94388E-A59C-461D-AD61-9B8B746EDB3F}.Release|Any CPU.ActiveCfg = Release|Any CPU
		{8F94388E-A59C-461D-AD61-9B8B746EDB3F}.Release|Any CPU.Build.0 = Release|Any CPU
		{9302B647-64EF-40D5-84E2-CDAC43DB8842}.Debug|Any CPU.ActiveCfg = Debug|Any CPU
		{9302B647-64EF-40D5-84E2-CDAC43DB8842}.Debug|Any CPU.Build.0 = Debug|Any CPU
		{9302B647-64EF-40D5-84E2-CDAC43DB8842}.Release|Any CPU.ActiveCfg = Release|Any CPU
		{9302B647-64EF-40D5-84E2-CDAC43DB8842}.Release|Any CPU.Build.0 = Release|Any CPU
		{9045C53C-40CD-4276-ACCC-19ED1580F7D1}.Debug|Any CPU.ActiveCfg = Debug|Any CPU
		{9045C53C-40CD-4276-ACCC-19ED1580F7D1}.Debug|Any CPU.Build.0 = Debug|Any CPU
		{9045C53C-40CD-4276-ACCC-19ED1580F7D1}.Release|Any CPU.ActiveCfg = Release|Any CPU
		{9045C53C-40CD-4276-ACCC-19ED1580F7D1}.Release|Any CPU.Build.0 = Release|Any CPU
		{A82D741E-39AB-44AF-99C2-CD21DEFAC4FC}.Debug|Any CPU.ActiveCfg = Debug|Any CPU
		{A82D741E-39AB-44AF-99C2-CD21DEFAC4FC}.Debug|Any CPU.Build.0 = Debug|Any CPU
		{A82D741E-39AB-44AF-99C2-CD21DEFAC4FC}.Release|Any CPU.ActiveCfg = Release|Any CPU
		{A82D741E-39AB-44AF-99C2-CD21DEFAC4FC}.Release|Any CPU.Build.0 = Release|Any CPU
		{6CB4553F-26A9-4E93-9EC0-F51266516495}.Debug|Any CPU.ActiveCfg = Debug|Any CPU
		{6CB4553F-26A9-4E93-9EC0-F51266516495}.Debug|Any CPU.Build.0 = Debug|Any CPU
		{6CB4553F-26A9-4E93-9EC0-F51266516495}.Release|Any CPU.ActiveCfg = Release|Any CPU
		{6CB4553F-26A9-4E93-9EC0-F51266516495}.Release|Any CPU.Build.0 = Release|Any CPU
		{47B6B8F2-1684-42A4-BB31-94EA72D7D912}.Debug|Any CPU.ActiveCfg = Debug|Any CPU
		{47B6B8F2-1684-42A4-BB31-94EA72D7D912}.Debug|Any CPU.Build.0 = Debug|Any CPU
		{47B6B8F2-1684-42A4-BB31-94EA72D7D912}.Release|Any CPU.ActiveCfg = Release|Any CPU
		{47B6B8F2-1684-42A4-BB31-94EA72D7D912}.Release|Any CPU.Build.0 = Release|Any CPU
		{6964D6E0-F3CC-461C-8D29-CBBC5261FE40}.Debug|Any CPU.ActiveCfg = Debug|Any CPU
		{6964D6E0-F3CC-461C-8D29-CBBC5261FE40}.Debug|Any CPU.Build.0 = Debug|Any CPU
		{6964D6E0-F3CC-461C-8D29-CBBC5261FE40}.Release|Any CPU.ActiveCfg = Release|Any CPU
		{6964D6E0-F3CC-461C-8D29-CBBC5261FE40}.Release|Any CPU.Build.0 = Release|Any CPU
		{09133A8A-C7FE-48E2-B4F4-972D849ABC10}.Debug|Any CPU.ActiveCfg = Debug|Any CPU
		{09133A8A-C7FE-48E2-B4F4-972D849ABC10}.Debug|Any CPU.Build.0 = Debug|Any CPU
		{09133A8A-C7FE-48E2-B4F4-972D849ABC10}.Release|Any CPU.ActiveCfg = Release|Any CPU
		{09133A8A-C7FE-48E2-B4F4-972D849ABC10}.Release|Any CPU.Build.0 = Release|Any CPU
		{51C99D6F-295A-443E-97BE-096DD3E38D2F}.Debug|Any CPU.ActiveCfg = Debug|Any CPU
		{51C99D6F-295A-443E-97BE-096DD3E38D2F}.Debug|Any CPU.Build.0 = Debug|Any CPU
		{51C99D6F-295A-443E-97BE-096DD3E38D2F}.Release|Any CPU.ActiveCfg = Release|Any CPU
		{51C99D6F-295A-443E-97BE-096DD3E38D2F}.Release|Any CPU.Build.0 = Release|Any CPU
		{68A380E6-A2B2-4FF7-8997-0F563D4526D7}.Debug|Any CPU.ActiveCfg = Debug|Any CPU
		{68A380E6-A2B2-4FF7-8997-0F563D4526D7}.Debug|Any CPU.Build.0 = Debug|Any CPU
		{68A380E6-A2B2-4FF7-8997-0F563D4526D7}.Release|Any CPU.ActiveCfg = Release|Any CPU
		{68A380E6-A2B2-4FF7-8997-0F563D4526D7}.Release|Any CPU.Build.0 = Release|Any CPU
		{058F8095-0306-469C-8294-C998DDA5AC52}.Debug|Any CPU.ActiveCfg = Debug|Any CPU
		{058F8095-0306-469C-8294-C998DDA5AC52}.Debug|Any CPU.Build.0 = Debug|Any CPU
		{058F8095-0306-469C-8294-C998DDA5AC52}.Release|Any CPU.ActiveCfg = Release|Any CPU
		{058F8095-0306-469C-8294-C998DDA5AC52}.Release|Any CPU.Build.0 = Release|Any CPU
		{F429040B-F932-44E8-8028-244CE5FE8F0A}.Debug|Any CPU.ActiveCfg = Debug|Any CPU
		{F429040B-F932-44E8-8028-244CE5FE8F0A}.Debug|Any CPU.Build.0 = Debug|Any CPU
		{F429040B-F932-44E8-8028-244CE5FE8F0A}.Release|Any CPU.ActiveCfg = Release|Any CPU
		{F429040B-F932-44E8-8028-244CE5FE8F0A}.Release|Any CPU.Build.0 = Release|Any CPU
		{481D2413-7B6E-4550-805C-C3618659D199}.Debug|Any CPU.ActiveCfg = Debug|Any CPU
		{481D2413-7B6E-4550-805C-C3618659D199}.Debug|Any CPU.Build.0 = Debug|Any CPU
		{481D2413-7B6E-4550-805C-C3618659D199}.Release|Any CPU.ActiveCfg = Release|Any CPU
		{481D2413-7B6E-4550-805C-C3618659D199}.Release|Any CPU.Build.0 = Release|Any CPU
		{E39528E5-52C2-45ED-B1EF-26DB333900B5}.Debug|Any CPU.ActiveCfg = Debug|Any CPU
		{E39528E5-52C2-45ED-B1EF-26DB333900B5}.Debug|Any CPU.Build.0 = Debug|Any CPU
		{E39528E5-52C2-45ED-B1EF-26DB333900B5}.Release|Any CPU.ActiveCfg = Release|Any CPU
		{E39528E5-52C2-45ED-B1EF-26DB333900B5}.Release|Any CPU.Build.0 = Release|Any CPU
		{43C28600-19AD-43A7-9B8E-FFC034EB56B2}.Debug|Any CPU.ActiveCfg = Debug|Any CPU
		{43C28600-19AD-43A7-9B8E-FFC034EB56B2}.Debug|Any CPU.Build.0 = Debug|Any CPU
		{43C28600-19AD-43A7-9B8E-FFC034EB56B2}.Release|Any CPU.ActiveCfg = Release|Any CPU
		{43C28600-19AD-43A7-9B8E-FFC034EB56B2}.Release|Any CPU.Build.0 = Release|Any CPU
		{2218286B-A1BC-45D6-95DA-91C77FACEE82}.Debug|Any CPU.ActiveCfg = Debug|Any CPU
		{2218286B-A1BC-45D6-95DA-91C77FACEE82}.Debug|Any CPU.Build.0 = Debug|Any CPU
		{2218286B-A1BC-45D6-95DA-91C77FACEE82}.Release|Any CPU.ActiveCfg = Release|Any CPU
		{2218286B-A1BC-45D6-95DA-91C77FACEE82}.Release|Any CPU.Build.0 = Release|Any CPU
		{3A859052-EC8A-439E-841B-532E700C62CB}.Debug|Any CPU.ActiveCfg = Debug|Any CPU
		{3A859052-EC8A-439E-841B-532E700C62CB}.Debug|Any CPU.Build.0 = Debug|Any CPU
		{3A859052-EC8A-439E-841B-532E700C62CB}.Release|Any CPU.ActiveCfg = Release|Any CPU
		{3A859052-EC8A-439E-841B-532E700C62CB}.Release|Any CPU.Build.0 = Release|Any CPU
		{B782BA11-6CC3-4EFD-8A65-F6D6ACCE9092}.Debug|Any CPU.ActiveCfg = Debug|Any CPU
		{B782BA11-6CC3-4EFD-8A65-F6D6ACCE9092}.Debug|Any CPU.Build.0 = Debug|Any CPU
		{B782BA11-6CC3-4EFD-8A65-F6D6ACCE9092}.Release|Any CPU.ActiveCfg = Release|Any CPU
		{B782BA11-6CC3-4EFD-8A65-F6D6ACCE9092}.Release|Any CPU.Build.0 = Release|Any CPU
		{D67CFB0E-FF6D-4CA4-BDB9-3E07812E3D33}.Debug|Any CPU.ActiveCfg = Debug|Any CPU
		{D67CFB0E-FF6D-4CA4-BDB9-3E07812E3D33}.Debug|Any CPU.Build.0 = Debug|Any CPU
		{D67CFB0E-FF6D-4CA4-BDB9-3E07812E3D33}.Release|Any CPU.ActiveCfg = Release|Any CPU
		{D67CFB0E-FF6D-4CA4-BDB9-3E07812E3D33}.Release|Any CPU.Build.0 = Release|Any CPU
	EndGlobalSection
	GlobalSection(SolutionProperties) = preSolution
		HideSolutionNode = FALSE
	EndGlobalSection
	GlobalSection(NestedProjects) = preSolution
		{DA75B7A5-0CA7-4BAF-9FEA-8C50FFCF08DE} = {02EA681E-C7D8-13C7-8484-4AC65E1B71E8}
		{DA149E33-0A48-4EAF-B77D-38129F4656E0} = {02EA681E-C7D8-13C7-8484-4AC65E1B71E8}
		{EECC4D0F-678C-479D-BD0D-BE17455C2C8A} = {02EA681E-C7D8-13C7-8484-4AC65E1B71E8}
		{8B88B187-B220-4F6D-926E-284B2E86BDF7} = {02EA681E-C7D8-13C7-8484-4AC65E1B71E8}
		{6F615692-F403-4E09-92A7-B3C1D149B60F} = {02EA681E-C7D8-13C7-8484-4AC65E1B71E8}
		{144D67CB-104A-4D4E-884B-826761318049} = {2FADAA43-6F5D-401B-9C95-F1A13CA022AA}
		{8F94388E-A59C-461D-AD61-9B8B746EDB3F} = {2FADAA43-6F5D-401B-9C95-F1A13CA022AA}
		{9302B647-64EF-40D5-84E2-CDAC43DB8842} = {2FADAA43-6F5D-401B-9C95-F1A13CA022AA}
		{9045C53C-40CD-4276-ACCC-19ED1580F7D1} = {2FADAA43-6F5D-401B-9C95-F1A13CA022AA}
		{A82D741E-39AB-44AF-99C2-CD21DEFAC4FC} = {2FADAA43-6F5D-401B-9C95-F1A13CA022AA}
		{6CB4553F-26A9-4E93-9EC0-F51266516495} = {D2ECF97D-5171-4E66-925B-0BA1D1694AA7}
		{47B6B8F2-1684-42A4-BB31-94EA72D7D912} = {D2ECF97D-5171-4E66-925B-0BA1D1694AA7}
		{6964D6E0-F3CC-461C-8D29-CBBC5261FE40} = {D2ECF97D-5171-4E66-925B-0BA1D1694AA7}
		{09133A8A-C7FE-48E2-B4F4-972D849ABC10} = {D2ECF97D-5171-4E66-925B-0BA1D1694AA7}
		{51C99D6F-295A-443E-97BE-096DD3E38D2F} = {D2ECF97D-5171-4E66-925B-0BA1D1694AA7}
		{68A380E6-A2B2-4FF7-8997-0F563D4526D7} = {65876580-8976-4A91-802A-CE3D3E07CE62}
		{058F8095-0306-469C-8294-C998DDA5AC52} = {65876580-8976-4A91-802A-CE3D3E07CE62}
		{F429040B-F932-44E8-8028-244CE5FE8F0A} = {65876580-8976-4A91-802A-CE3D3E07CE62}
		{481D2413-7B6E-4550-805C-C3618659D199} = {65876580-8976-4A91-802A-CE3D3E07CE62}
		{E39528E5-52C2-45ED-B1EF-26DB333900B5} = {65876580-8976-4A91-802A-CE3D3E07CE62}
		{43C28600-19AD-43A7-9B8E-FFC034EB56B2} = {D99F3EE1-DA45-457A-8421-1FC6FBABC78E}
		{2218286B-A1BC-45D6-95DA-91C77FACEE82} = {D99F3EE1-DA45-457A-8421-1FC6FBABC78E}
		{3A859052-EC8A-439E-841B-532E700C62CB} = {D99F3EE1-DA45-457A-8421-1FC6FBABC78E}
		{B782BA11-6CC3-4EFD-8A65-F6D6ACCE9092} = {D99F3EE1-DA45-457A-8421-1FC6FBABC78E}
		{D67CFB0E-FF6D-4CA4-BDB9-3E07812E3D33} = {D99F3EE1-DA45-457A-8421-1FC6FBABC78E}
	EndGlobalSection
	GlobalSection(ExtensibilityGlobals) = postSolution
		SolutionGuid = {0D34AFAF-9994-4BAB-8D81-FBE321884660}
	EndGlobalSection
EndGlobal
